<Solution>
  <Folder Name="/samples/">
    <Project Path="samples/Gemma3Vision/Idrak.Gemma3Vision/Idrak.Gemma3Vision.csproj" />
    <Project Path="samples/Idrak.Samples.Chat/Idrak.Samples.Chat.csproj" />
    <Project Path="samples/Idrak.Samples.CodingAgent/Idrak.Samples.CodingAgent.csproj" />
    <Project Path="samples/Idrak.Samples.GptApi/Idrak.Samples.GptApi.csproj" />
    <Project Path="samples/Idrak.Samples.GptTraining/Idrak.Samples.GptTraining.csproj" />
    <Project Path="samples/Idrak.Samples.HouseApi/Idrak.Samples.HouseApi.csproj" />
    <Project Path="samples/Idrak.Samples.HousePrices/Idrak.Samples.HousePrices.csproj" />
    <Project Path="samples/Idrak.Samples.Ocr/Idrak.Samples.Ocr.csproj" />
    <Project Path="samples/Idrak.Samples.OnnxImport/Idrak.Samples.OnnxImport.csproj" />
    <Project Path="samples/Idrak.Samples.Override/Idrak.Samples.Override.csproj" />
    <Project Path="samples/Idrak.Samples.Override.Tests/Idrak.Samples.Override.Tests.csproj" />
    <Project Path="samples/Idrak.Samples.Quantization/Idrak.Samples.Quantization.csproj" />
    <Project Path="samples/Idrak.Samples.Rag/Idrak.Samples.Rag.csproj" />
    <Project Path="samples/Idrak.Samples.ReRanker/Idrak.Samples.ReRanker.csproj" />
    <Project Path="samples/Idrak.Samples.Sentiment/Idrak.Samples.Sentiment.csproj" />
    <Project Path="samples/Idrak.Samples.ShapeRecognition/Idrak.Samples.ShapeRecognition.csproj" />
    <Project Path="samples/Idrak.Samples.Spirals/Idrak.Samples.Spirals.csproj" />
    <Project Path="samples/Idrak.Samples.Summarizer/Idrak.Samples.Summarizer.csproj" />
    <Project Path="samples/Idrak.Samples.TextGeneration/Idrak.Samples.TextGeneration.csproj" />
    <Project Path="samples/Idrak.Samples.Xor/Idrak.Samples.Xor.csproj" />
  </Folder>
  <Folder Name="/src/">
    <Project Path="src/Idrak.Abstraction/Idrak.Abstraction.csproj" />
    <Project Path="src/Idrak.Abstraction.Testing/Idrak.Abstraction.Testing.csproj" />
    <Project Path="src/Idrak.AspNetCore/Idrak.AspNetCore.csproj" />
    <Project Path="src/Idrak.Mcp/Idrak.Mcp.csproj" />
    <Project Path="src/Idrak.Onnx.Runtime/Idrak.Onnx.Runtime.csproj" />
    <Project Path="src/Idrak.Data/Idrak.Data.csproj" />
    <Project Path="src/Idrak.Gpu/Idrak.Gpu.csproj" />
    <Project Path="src/Idrak.Vision/Idrak.Vision.csproj" />
    <Project Path="src/Idrak.Cli/Idrak.Cli.csproj" />
    <Project Path="src/Idrak.Nlp/Idrak.Nlp.csproj" />
    <Project Path="src/Idrak/Idrak.csproj" />
  </Folder>
  <Folder Name="/tests/">
    <Project Path="tests/Idrak.PluginTests/Idrak.PluginTests.csproj" />
    <Project Path="tests/Idrak.Tests/Idrak.Tests.csproj" />
  </Folder>
</Solution>
